
Microsoft Visual Studio Solution File, Format Version 12.00
# Visual Studio Version 17
VisualStudioVersion = 17.3.32929.385
MinimumVisualStudioVersion = 10.0.40219.1
Project("{FAE04EC0-301F-11D3-BF4B-00C04F79EFBC}") = "Cybernetics40k", "Cybernetics40k.csproj", "{7FED8F4B-10DB-4B7A-8C0E-6824A55CF2C7}"
EndProject
Global
	GlobalSection(SolutionConfigurationPlatforms) = preSolution
		Debug|Any CPU = Debug|Any CPU
		Release|Any CPU = Release|Any CPU
	EndGlobalSection
	GlobalSection(ProjectConfigurationPlatforms) = postSolution
		{7FED8F4B-10DB-4B7A-8C0E-6824A55CF2C7}.Debug|Any CPU.ActiveCfg = Debug|Any CPU
		{7FED8F4B-10DB-4B7A-8C0E-6824A55CF2C7}.Debug|Any CPU.Build.0 = Debug|Any CPU
		{7FED8F4B-10DB-4B7A-8C0E-6824A55CF2C7}.Release|Any CPU.ActiveCfg = Release|Any CPU
		{7FED8F4B-10DB-4B7A-8C0E-6824A55CF2C7}.Release|Any CPU.Build.0 = Release|Any CPU
	EndGlobalSection
	GlobalSection(SolutionProperties) = preSolution
		HideSolutionNode = FALSE
	EndGlobalSection
	GlobalSection(ExtensibilityGlobals) = postSolution
		SolutionGuid = {743A3BDD-A695-4E90-AE52-20322579B08F}
	EndGlobalSection
EndGlobal
